{
  "version": 4,
  "terraform_version": "1.12.1",
  "serial": 17,
  "lineage": "f659c1e5-b0b5-47a1-18be-ea8adce528db",
  "outputs": {},
  "resources": [
    {
      "mode": "managed",
      "type": "random_string",
      "name": "kv",
      "provider": "provider[\"registry.terraform.io/hashicorp/random\"]",
      "instances": [
        {
          "schema_version": 2,
          "attributes": {
            "id": "hmdnsd",
            "keepers": null,
            "length": 6,
            "lower": true,
            "min_lower": 0,
            "min_numeric": 0,
            "min_special": 0,
            "min_upper": 0,
            "number": true,
            "numeric": true,
            "override_special": null,
            "result": "hmdnsd",
            "special": false,
            "upper": false
          },
          "sensitive_attributes": [],
          "identity_schema_version": 0
        }
      ]
    },
    {
      "module": "module.key_vault",
      "mode": "data",
      "type": "azurerm_client_config",
      "name": "current",
      "provider": "provider[\"registry.terraform.io/hashicorp/azurerm\"]",
      "instances": [
        {
          "schema_version": 0,
          "attributes": {
            "client_id": "04b07795-8ddb-461a-bbee-02f9e1bf7b46",
            "id": "Y2xpZW50Q29uZmlncy9jbGllbnRJZD0wNGIwNzc5NS04ZGRiLTQ2MWEtYmJlZS0wMmY5ZTFiZjdiNDY7b2JqZWN0SWQ9ZWFlMjA3NjMtYjNkOC00ZTJhLWE2YTYtYzk4ZTVlZTM4MzM3O3N1YnNjcmlwdGlvbklkPWEyNTVkNjcxLWYwMjktNGEyOC1hMDQyLTI0YWFiM2IwZWM5Yzt0ZW5hbnRJZD05N2Q4OGFhZS1mZmZjLTQzMWEtOWZkYS1mZjRlNGZkZjk5MjQ=",
            "object_id": "eae20763-b3d8-4e2a-a6a6-c98e5ee38337",
            "subscription_id": "a255d671-f029-4a28-a042-24aab3b0ec9c",
            "tenant_id": "97d88aae-fffc-431a-9fda-ff4e4fdf9924",
            "timeouts": null
          },
          "sensitive_attributes": [],
          "identity_schema_version": 0
        }
      ]
    },
    {
      "module": "module.monitoring",
      "mode": "managed",
      "type": "azurerm_log_analytics_workspace",
      "name": "this",
      "provider": "provider[\"registry.terraform.io/hashicorp/azurerm\"]",
      "instances": [
        {
          "schema_version": 3,
          "attributes": {
            "allow_resource_only_permissions": true,
            "cmk_for_query_forced": false,
            "daily_quota_gb": -1,
            "data_collection_rule_id": "",
            "id": "/subscriptions/a255d671-f029-4a28-a042-24aab3b0ec9c/resourceGroups/rg-acmepay-prod/providers/Microsoft.OperationalInsights/workspaces/law-acmepay-prod",
            "identity": [],
            "immediate_data_purge_on_30_days_enabled": false,
            "internet_ingestion_enabled": true,
            "internet_query_enabled": true,
            "local_authentication_disabled": false,
            "local_authentication_enabled": true,
            "location": "westus2",
            "name": "law-acmepay-prod",
            "primary_shared_key": "drzWsnGNH2mEcDEOoURUFWDlIyCBYOAvCZErItjQCSl73ffCjMH12OkSOuL50QLjZPjNaem9t9cuMIwzqSVCpA==",
            "reservation_capacity_in_gb_per_day": null,
            "resource_group_name": "rg-acmepay-prod",
            "retention_in_days": 30,
            "secondary_shared_key": "vHBk9VHOxTrubv+tMk31FNR8zmz1MA6heKvPUUjagu44DuJnZ1XA1MdSd//tyaDIYwh3veTfx6UJ3UiGQ4d6kw==",
            "sku": "PerGB2018",
            "tags": {
              "env": "prod",
              "owner": "platform",
              "project": "acmepay"
            },
            "timeouts": null,
            "workspace_id": "646c88ba-0807-4583-9999-f8e888d673d4"
          },
          "sensitive_attributes": [
            [
              {
                "type": "get_attr",
                "value": "primary_shared_key"
              }
            ],
            [
              {
                "type": "get_attr",
                "value": "secondary_shared_key"
              }
            ]
          ],
          "identity_schema_version": 0,
          "private": "eyJlMmJmYjczMC1lY2FhLTExZTYtOGY4OC0zNDM2M2JjN2M0YzAiOnsiY3JlYXRlIjoxODAwMDAwMDAwMDAwLCJkZWxldGUiOjE4MDAwMDAwMDAwMDAsInJlYWQiOjMwMDAwMDAwMDAwMCwidXBkYXRlIjoxODAwMDAwMDAwMDAwfSwic2NoZW1hX3ZlcnNpb24iOiIzIn0=",
          "dependencies": [
            "module.rg.azurerm_resource_group.this"
          ]
        }
      ]
    },
    {
      "module": "module.network",
      "mode": "managed",
      "type": "azurerm_virtual_network",
      "name": "this",
      "provider": "provider[\"registry.terraform.io/hashicorp/azurerm\"]",
      "instances": [
        {
          "schema_version": 0,
          "attributes": {
            "address_space": [
              "10.20.0.0/16"
            ],
            "bgp_community": "",
            "ddos_protection_plan": [],
            "dns_servers": [],
            "edge_zone": "",
            "encryption": [],
            "flow_timeout_in_minutes": 0,
            "guid": "6a8f3c47-eda5-4100-975c-c7d79c8f1504",
            "id": "/subscriptions/a255d671-f029-4a28-a042-24aab3b0ec9c/resourceGroups/rg-acmepay-prod/providers/Microsoft.Network/virtualNetworks/vnet-acmepay-prod",
            "ip_address_pool": [],
            "location": "westus2",
            "name": "vnet-acmepay-prod",
            "private_endpoint_vnet_policies": "Disabled",
            "resource_group_name": "rg-acmepay-prod",
            "subnet": [
              {
                "address_prefixes": [
                  "10.20.1.0/24"
                ],
                "default_outbound_access_enabled": true,
                "delegation": [],
                "id": "/subscriptions/a255d671-f029-4a28-a042-24aab3b0ec9c/resourceGroups/rg-acmepay-prod/providers/Microsoft.Network/virtualNetworks/vnet-acmepay-prod/subnets/snet-app",
                "name": "snet-app",
                "private_endpoint_network_policies": "Disabled",
                "private_link_service_network_policies_enabled": true,
                "route_table_id": "",
                "security_group": "/subscriptions/a255d671-f029-4a28-a042-24aab3b0ec9c/resourceGroups/rg-acmepay-prod/providers/Microsoft.Network/networkSecurityGroups/vnet-acmepay-prod-nsg",
                "service_endpoint_policy_ids": [],
                "service_endpoints": []
              },
              {
                "address_prefixes": [
                  "10.20.2.0/24"
                ],
                "default_outbound_access_enabled": true,
                "delegation": [],
                "id": "/subscriptions/a255d671-f029-4a28-a042-24aab3b0ec9c/resourceGroups/rg-acmepay-prod/providers/Microsoft.Network/virtualNetworks/vnet-acmepay-prod/subnets/snet-db",
                "name": "snet-db",
                "private_endpoint_network_policies": "Disabled",
                "private_link_service_network_policies_enabled": true,
                "route_table_id": "",
                "security_group": "/subscriptions/a255d671-f029-4a28-a042-24aab3b0ec9c/resourceGroups/rg-acmepay-prod/providers/Microsoft.Network/networkSecurityGroups/vnet-acmepay-prod-nsg",
                "service_endpoint_policy_ids": [],
                "service_endpoints": []
              }
            ],
            "tags": {
              "env": "prod",
              "owner": "platform",
              "project": "acmepay"
            },
            "timeouts": null
          },
          "sensitive_attributes": [],
          "identity_schema_version": 0,
          "identity": {
            "name": "vnet-acmepay-prod",
            "resource_group_name": "rg-acmepay-prod",
            "subscription_id": "a255d671-f029-4a28-a042-24aab3b0ec9c"
          },
          "private": "eyJlMmJmYjczMC1lY2FhLTExZTYtOGY4OC0zNDM2M2JjN2M0YzAiOnsiY3JlYXRlIjoxODAwMDAwMDAwMDAwLCJkZWxldGUiOjE4MDAwMDAwMDAwMDAsInJlYWQiOjMwMDAwMDAwMDAwMCwidXBkYXRlIjoxODAwMDAwMDAwMDAwfX0=",
          "dependencies": [
            "module.rg.azurerm_resource_group.this"
          ]
        }
      ]
    },
    {
      "module": "module.rg",
      "mode": "managed",
      "type": "azurerm_resource_group",
      "name": "this",
      "provider": "provider[\"registry.terraform.io/hashicorp/azurerm\"]",
      "instances": [
        {
          "schema_version": 0,
          "attributes": {
            "id": "/subscriptions/a255d671-f029-4a28-a042-24aab3b0ec9c/resourceGroups/rg-acmepay-prod",
            "location": "westus2",
            "managed_by": "",
            "name": "rg-acmepay-prod",
            "tags": {
              "env": "prod",
              "owner": "platform",
              "project": "acmepay"
            },
            "timeouts": null
          },
          "sensitive_attributes": [],
          "identity_schema_version": 0,
          "identity": {
            "name": "rg-acmepay-prod",
            "subscription_id": "a255d671-f029-4a28-a042-24aab3b0ec9c"
          },
          "private": "eyJlMmJmYjczMC1lY2FhLTExZTYtOGY4OC0zNDM2M2JjN2M0YzAiOnsiY3JlYXRlIjo1NDAwMDAwMDAwMDAwLCJkZWxldGUiOjU0MDAwMDAwMDAwMDAsInJlYWQiOjMwMDAwMDAwMDAwMCwidXBkYXRlIjo1NDAwMDAwMDAwMDAwfX0="
        }
      ]
    }
  ],
  "check_results": null
}
